
Microsoft Visual Studio Solution File, Format Version 12.00
# Visual Studio Version 16
VisualStudioVersion = 16.0.29326.143
MinimumVisualStudioVersion = 10.0.40219.1
Project("{FAE04EC0-301F-11D3-BF4B-00C04F79EFBC}") = "Car Game", "Car Game.csproj", "{C93372F6-E40B-4C1C-9181-949E51FDA292}"
EndProject
Global
	GlobalSection(SolutionConfigurationPlatforms) = preSolution
		Debug|Any CPU = Debug|Any CPU
		Release|Any CPU = Release|Any CPU
	EndGlobalSection
	GlobalSection(ProjectConfigurationPlatforms) = postSolution
		{C93372F6-E40B-4C1C-9181-949E51FDA292}.Debug|Any CPU.ActiveCfg = Debug|Any CPU
		{C93372F6-E40B-4C1C-9181-949E51FDA292}.Debug|Any CPU.Build.0 = Debug|Any CPU
		{C93372F6-E40B-4C1C-9181-949E51FDA292}.Release|Any CPU.ActiveCfg = Release|Any CPU
		{C93372F6-E40B-4C1C-9181-949E51FDA292}.Release|Any CPU.Build.0 = Release|Any CPU
	EndGlobalSection
	GlobalSection(SolutionProperties) = preSolution
		HideSolutionNode = FALSE
	EndGlobalSection
	GlobalSection(ExtensibilityGlobals) = postSolution
		SolutionGuid = {271FD998-B236-4BA5-B355-00C0DB27DA2D}
	EndGlobalSection
EndGlobal
